PODS:
  - Alamofire (5.2.2)
  - NFAppStoreUpdateNotifier (0.1.0):
    - Alamofire (~> 5.2)

DEPENDENCIES:
  - NFAppStoreUpdateNotifier (from `../`)

SPEC REPOS:
  trunk:
    - Alamofire

EXTERNAL SOURCES:
  NFAppStoreUpdateNotifier:
    :path: "../"

SPEC CHECKSUMS:
  Alamofire: 814429acc853c6c54ff123fc3d2ef66803823ce0
  NFAppStoreUpdateNotifier: e8aa06143dacdd49347dce572953b44e34342f18

PODFILE CHECKSUM: a0d3bc344bd881ae3aa6711c1c456e06b9ef004d

COCOAPODS: 1.9.3
